
Microsoft Visual Studio Solution File, Format Version 12.00
# Visual Studio Version 16
VisualStudioVersion = 16.0.30717.126
MinimumVisualStudioVersion = 10.0.40219.1
Project("{FAE04EC0-301F-11D3-BF4B-00C04F79EFBC}") = "KodlamaKamp", "KodlamaKamp\KodlamaKamp.csproj", "{4270BD97-DEC3-4CF7-A11B-8549CC3F5AB0}"
EndProject
Project("{FAE04EC0-301F-11D3-BF4B-00C04F79EFBC}") = "4GunOdev5Dictionary", "4GunOdev5Dictionary\4GunOdev5Dictionary.csproj", "{AF67B433-880F-4F5C-859D-D7CE346B74DD}"
EndProject
Project("{FAE04EC0-301F-11D3-BF4B-00C04F79EFBC}") = "InterfaceAbstractDemo", "InterfaceAbstractDemo\InterfaceAbstractDemo.csproj", "{E4F19C28-B406-4510-BE5B-FCB4D501547C}"
EndProject
Project("{FAE04EC0-301F-11D3-BF4B-00C04F79EFBC}") = "5GunOdev5GameSimulation", "5GunOdev5GameSimulation\5GunOdev5GameSimulation.csproj", "{13C836BB-43DA-4B6A-8D4E-6E277326F3AB}"
EndProject
Global
	GlobalSection(SolutionConfigurationPlatforms) = preSolution
		Debug|Any CPU = Debug|Any CPU
		Release|Any CPU = Release|Any CPU
	EndGlobalSection
	GlobalSection(ProjectConfigurationPlatforms) = postSolution
		{4270BD97-DEC3-4CF7-A11B-8549CC3F5AB0}.Debug|Any CPU.ActiveCfg = Debug|Any CPU
		{4270BD97-DEC3-4CF7-A11B-8549CC3F5AB0}.Debug|Any CPU.Build.0 = Debug|Any CPU
		{4270BD97-DEC3-4CF7-A11B-8549CC3F5AB0}.Release|Any CPU.ActiveCfg = Release|Any CPU
		{4270BD97-DEC3-4CF7-A11B-8549CC3F5AB0}.Release|Any CPU.Build.0 = Release|Any CPU
		{AF67B433-880F-4F5C-859D-D7CE346B74DD}.Debug|Any CPU.ActiveCfg = Debug|Any CPU
		{AF67B433-880F-4F5C-859D-D7CE346B74DD}.Debug|Any CPU.Build.0 = Debug|Any CPU
		{AF67B433-880F-4F5C-859D-D7CE346B74DD}.Release|Any CPU.ActiveCfg = Release|Any CPU
		{AF67B433-880F-4F5C-859D-D7CE346B74DD}.Release|Any CPU.Build.0 = Release|Any CPU
		{E4F19C28-B406-4510-BE5B-FCB4D501547C}.Debug|Any CPU.ActiveCfg = Debug|Any CPU
		{E4F19C28-B406-4510-BE5B-FCB4D501547C}.Debug|Any CPU.Build.0 = Debug|Any CPU
		{E4F19C28-B406-4510-BE5B-FCB4D501547C}.Release|Any CPU.ActiveCfg = Release|Any CPU
		{E4F19C28-B406-4510-BE5B-FCB4D501547C}.Release|Any CPU.Build.0 = Release|Any CPU
		{13C836BB-43DA-4B6A-8D4E-6E277326F3AB}.Debug|Any CPU.ActiveCfg = Debug|Any CPU
		{13C836BB-43DA-4B6A-8D4E-6E277326F3AB}.Debug|Any CPU.Build.0 = Debug|Any CPU
		{13C836BB-43DA-4B6A-8D4E-6E277326F3AB}.Release|Any CPU.ActiveCfg = Release|Any CPU
		{13C836BB-43DA-4B6A-8D4E-6E277326F3AB}.Release|Any CPU.Build.0 = Release|Any CPU
	EndGlobalSection
	GlobalSection(SolutionProperties) = preSolution
		HideSolutionNode = FALSE
	EndGlobalSection
	GlobalSection(ExtensibilityGlobals) = postSolution
		SolutionGuid = {6F5A6892-D31B-4110-9DF1-A48425ADBCBA}
	EndGlobalSection
EndGlobal
